<?xml version="1.0" encoding="UTF-8"?>
<!DOCTYPE plist PUBLIC "-//Apple//DTD PLIST 1.0//EN" "http://www.apple.com/DTDs/PropertyList-1.0.dtd">
<plist version="1.0">
<dict>
	<key>archiveVersion</key>
	<string>1</string>
	<key>classes</key>
	<dict/>
	<key>objectVersion</key>
	<string>46</string>
	<key>objects</key>
	<dict>
		<key>035E842E19ED759900A34C9E</key>
		<dict>
			<key>fileEncoding</key>
			<string>4</string>
			<key>isa</key>
			<string>PBXFileReference</string>
			<key>lastKnownFileType</key>
			<string>sourcecode.c.h</string>
			<key>path</key>
			<string>MatchesCollectionViewCell.h</string>
			<key>sourceTree</key>
			<string>&lt;group&gt;</string>
		</dict>
		<key>035E842F19ED759900A34C9E</key>
		<dict>
			<key>fileEncoding</key>
			<string>4</string>
			<key>isa</key>
			<string>PBXFileReference</string>
			<key>lastKnownFileType</key>
			<string>sourcecode.c.objc</string>
			<key>path</key>
			<string>MatchesCollectionViewCell.m</string>
			<key>sourceTree</key>
			<string>&lt;group&gt;</string>
		</dict>
		<key>035E843019ED759900A34C9E</key>
		<dict>
			<key>fileRef</key>
			<string>035E842F19ED759900A34C9E</string>
			<key>isa</key>
			<string>PBXBuildFile</string>
		</dict>
		<key>035E843119ED836900A34C9E</key>
		<dict>
			<key>fileEncoding</key>
			<string>4</string>
			<key>isa</key>
			<string>PBXFileReference</string>
			<key>lastKnownFileType</key>
			<string>sourcecode.c.h</string>
			<key>path</key>
			<string>SignInController.h</string>
			<key>sourceTree</key>
			<string>&lt;group&gt;</string>
		</dict>
		<key>035E843219ED836900A34C9E</key>
		<dict>
			<key>fileEncoding</key>
			<string>4</string>
			<key>isa</key>
			<string>PBXFileReference</string>
			<key>lastKnownFileType</key>
			<string>sourcecode.c.objc</string>
			<key>path</key>
			<string>SignInController.m</string>
			<key>sourceTree</key>
			<string>&lt;group&gt;</string>
		</dict>
		<key>035E843319ED836900A34C9E</key>
		<dict>
			<key>fileRef</key>
			<string>035E843219ED836900A34C9E</string>
			<key>isa</key>
			<string>PBXBuildFile</string>
		</dict>
		<key>035E843519ED855A00A34C9E</key>
		<dict>
			<key>fileEncoding</key>
			<string>4</string>
			<key>isa</key>
			<string>PBXFileReference</string>
			<key>lastKnownFileType</key>
			<string>sourcecode.c.h</string>
			<key>path</key>
			<string>LinkedInClient.h</string>
			<key>sourceTree</key>
			<string>&lt;group&gt;</string>
		</dict>
		<key>035E843619ED855A00A34C9E</key>
		<dict>
			<key>fileEncoding</key>
			<string>4</string>
			<key>isa</key>
			<string>PBXFileReference</string>
			<key>lastKnownFileType</key>
			<string>sourcecode.c.objc</string>
			<key>path</key>
			<string>LinkedInClient.m</string>
			<key>sourceTree</key>
			<string>&lt;group&gt;</string>
		</dict>
		<key>035E843719ED855A00A34C9E</key>
		<dict>
			<key>fileRef</key>
			<string>035E843619ED855A00A34C9E</string>
			<key>isa</key>
			<string>PBXBuildFile</string>
		</dict>
		<key>035E843819EEB9F000A34C9E</key>
		<dict>
			<key>fileEncoding</key>
			<string>4</string>
			<key>isa</key>
			<string>PBXFileReference</string>
			<key>lastKnownFileType</key>
			<string>sourcecode.c.h</string>
			<key>path</key>
			<string>FirebaseClient.h</string>
			<key>sourceTree</key>
			<string>&lt;group&gt;</string>
		</dict>
		<key>035E843919EEB9F000A34C9E</key>
		<dict>
			<key>fileEncoding</key>
			<string>4</string>
			<key>isa</key>
			<string>PBXFileReference</string>
			<key>lastKnownFileType</key>
			<string>sourcecode.c.objc</string>
			<key>path</key>
			<string>FirebaseClient.m</string>
			<key>sourceTree</key>
			<string>&lt;group&gt;</string>
		</dict>
		<key>035E843A19EEB9F000A34C9E</key>
		<dict>
			<key>fileRef</key>
			<string>035E843919EEB9F000A34C9E</string>
			<key>isa</key>
			<string>PBXBuildFile</string>
		</dict>
		<key>035E843B19EEC43300A34C9E</key>
		<dict>
			<key>fileEncoding</key>
			<string>4</string>
			<key>isa</key>
			<string>PBXFileReference</string>
			<key>lastKnownFileType</key>
			<string>sourcecode.c.h</string>
			<key>path</key>
			<string>LinkedInProfile.h</string>
			<key>sourceTree</key>
			<string>&lt;group&gt;</string>
		</dict>
		<key>035E843C19EEC43300A34C9E</key>
		<dict>
			<key>fileEncoding</key>
			<string>4</string>
			<key>isa</key>
			<string>PBXFileReference</string>
			<key>lastKnownFileType</key>
			<string>sourcecode.c.objc</string>
			<key>path</key>
			<string>LinkedInProfile.m</string>
			<key>sourceTree</key>
			<string>&lt;group&gt;</string>
		</dict>
		<key>035E843D19EEC43300A34C9E</key>
		<dict>
			<key>fileRef</key>
			<string>035E843C19EEC43300A34C9E</string>
			<key>isa</key>
			<string>PBXBuildFile</string>
		</dict>
		<key>035E843E19EECB9200A34C9E</key>
		<dict>
			<key>fileEncoding</key>
			<string>4</string>
			<key>isa</key>
			<string>PBXFileReference</string>
			<key>lastKnownFileType</key>
			<string>sourcecode.c.h</string>
			<key>path</key>
			<string>MainController.h</string>
			<key>sourceTree</key>
			<string>&lt;group&gt;</string>
		</dict>
		<key>035E843F19EECB9200A34C9E</key>
		<dict>
			<key>fileEncoding</key>
			<string>4</string>
			<key>isa</key>
			<string>PBXFileReference</string>
			<key>lastKnownFileType</key>
			<string>sourcecode.c.objc</string>
			<key>path</key>
			<string>MainController.m</string>
			<key>sourceTree</key>
			<string>&lt;group&gt;</string>
		</dict>
		<key>035E844019EECB9200A34C9E</key>
		<dict>
			<key>fileRef</key>
			<string>035E843F19EECB9200A34C9E</string>
			<key>isa</key>
			<string>PBXBuildFile</string>
		</dict>
		<key>0FCC956F0161819ED8533072</key>
		<dict>
			<key>includeInIndex</key>
			<string>1</string>
			<key>isa</key>
			<string>PBXFileReference</string>
			<key>lastKnownFileType</key>
			<string>text.xcconfig</string>
			<key>name</key>
			<string>Pods.release.xcconfig</string>
			<key>path</key>
			<string>ee/Pods/Target Support Files/Pods/Pods.release.xcconfig</string>
			<key>sourceTree</key>
			<string>&lt;group&gt;</string>
		</dict>
		<key>2986FD1542B09850F319D33A</key>
		<dict>
			<key>buildActionMask</key>
			<string>2147483647</string>
			<key>files</key>
			<array/>
			<key>inputPaths</key>
			<array/>
			<key>isa</key>
			<string>PBXShellScriptBuildPhase</string>
			<key>name</key>
			<string>Copy Pods Resources</string>
			<key>outputPaths</key>
			<array/>
			<key>runOnlyForDeploymentPostprocessing</key>
			<string>0</string>
			<key>shellPath</key>
			<string>/bin/sh</string>
			<key>shellScript</key>
			<string>"${SRCROOT}/ee/Pods/Target Support Files/Pods/Pods-resources.sh"
</string>
			<key>showEnvVarsInLog</key>
			<string>0</string>
		</dict>
		<key>3A5E142CFCCD4E9196DBC386</key>
		<dict>
			<key>children</key>
			<array>
				<string>B32D69BB19EBF0EC00140565</string>
				<string>B3B7809819DDA269007ED955</string>
				<string>B3B7809619DDA260007ED955</string>
				<string>B3B7809419DDA258007ED955</string>
				<string>B3B7809219DDA24F007ED955</string>
				<string>B3B7809019DDA244007ED955</string>
				<string>9578A10F1481B00F9A16C019</string>
			</array>
			<key>isa</key>
			<string>PBXGroup</string>
			<key>name</key>
			<string>Frameworks</string>
			<key>sourceTree</key>
			<string>&lt;group&gt;</string>
		</dict>
		<key>534C8E608F9C211935D05A19</key>
		<dict>
			<key>children</key>
			<array>
				<string>87510AE949659EF03A56AB65</string>
				<string>0FCC956F0161819ED8533072</string>
			</array>
			<key>isa</key>
			<string>PBXGroup</string>
			<key>name</key>
			<string>Pods</string>
			<key>sourceTree</key>
			<string>&lt;group&gt;</string>
		</dict>
		<key>81505D200E0495D76B01488C</key>
		<dict>
			<key>fileRef</key>
			<string>9578A10F1481B00F9A16C019</string>
			<key>isa</key>
			<string>PBXBuildFile</string>
		</dict>
		<key>87510AE949659EF03A56AB65</key>
		<dict>
			<key>includeInIndex</key>
			<string>1</string>
			<key>isa</key>
			<string>PBXFileReference</string>
			<key>lastKnownFileType</key>
			<string>text.xcconfig</string>
			<key>name</key>
			<string>Pods.debug.xcconfig</string>
			<key>path</key>
			<string>ee/Pods/Target Support Files/Pods/Pods.debug.xcconfig</string>
			<key>sourceTree</key>
			<string>&lt;group&gt;</string>
		</dict>
		<key>9578A10F1481B00F9A16C019</key>
		<dict>
			<key>explicitFileType</key>
			<string>archive.ar</string>
			<key>includeInIndex</key>
			<string>0</string>
			<key>isa</key>
			<string>PBXFileReference</string>
			<key>path</key>
			<string>libPods.a</string>
			<key>sourceTree</key>
			<string>BUILT_PRODUCTS_DIR</string>
		</dict>
		<key>9D53F9768F9CBE9AFAC574EB</key>
		<dict>
			<key>buildActionMask</key>
			<string>2147483647</string>
			<key>files</key>
			<array/>
			<key>inputPaths</key>
			<array/>
			<key>isa</key>
			<string>PBXShellScriptBuildPhase</string>
			<key>name</key>
			<string>Check Pods Manifest.lock</string>
			<key>outputPaths</key>
			<array/>
			<key>runOnlyForDeploymentPostprocessing</key>
			<string>0</string>
			<key>shellPath</key>
			<string>/bin/sh</string>
			<key>shellScript</key>
			<string>diff "${PODS_ROOT}/../Podfile.lock" "${PODS_ROOT}/Manifest.lock" &gt; /dev/null
if [[ $? != 0 ]] ; then
    cat &lt;&lt; EOM
error: The sandbox is not in sync with the Podfile.lock. Run 'pod install' or update your CocoaPods installation.
EOM
    exit 1
fi
</string>
			<key>showEnvVarsInLog</key>
			<string>0</string>
		</dict>
		<key>B32D69BB19EBF0EC00140565</key>
		<dict>
			<key>isa</key>
			<string>PBXFileReference</string>
			<key>lastKnownFileType</key>
			<string>wrapper.framework</string>
			<key>name</key>
			<string>GeoFire.framework</string>
			<key>path</key>
			<string>ee/GeoFire.framework</string>
			<key>sourceTree</key>
			<string>&lt;group&gt;</string>
		</dict>
		<key>B32D69BC19EBF0EC00140565</key>
		<dict>
			<key>fileRef</key>
			<string>B32D69BB19EBF0EC00140565</string>
			<key>isa</key>
			<string>PBXBuildFile</string>
		</dict>
		<key>B3535B7E19FFB5220083F4E8</key>
		<dict>
			<key>fileEncoding</key>
			<string>4</string>
			<key>isa</key>
			<string>PBXFileReference</string>
			<key>lastKnownFileType</key>
			<string>sourcecode.c.h</string>
			<key>path</key>
			<string>NavigationController.h</string>
			<key>sourceTree</key>
			<string>&lt;group&gt;</string>
		</dict>
		<key>B3535B7F19FFB5220083F4E8</key>
		<dict>
			<key>fileEncoding</key>
			<string>4</string>
			<key>isa</key>
			<string>PBXFileReference</string>
			<key>lastKnownFileType</key>
			<string>sourcecode.c.objc</string>
			<key>path</key>
			<string>NavigationController.m</string>
			<key>sourceTree</key>
			<string>&lt;group&gt;</string>
		</dict>
		<key>B3535B8019FFB5220083F4E8</key>
		<dict>
			<key>fileRef</key>
			<string>B3535B7F19FFB5220083F4E8</string>
			<key>isa</key>
			<string>PBXBuildFile</string>
		</dict>
		<key>B3628C2419F6E22A00389C31</key>
		<dict>
			<key>isa</key>
			<string>PBXFileReference</string>
			<key>lastKnownFileType</key>
			<string>image.jpeg</string>
			<key>name</key>
			<string>colour.jpg</string>
			<key>path</key>
			<string>../../NumberInPhone/images/colour.jpg</string>
			<key>sourceTree</key>
			<string>&lt;group&gt;</string>
		</dict>
		<key>B3628C2519F6E22A00389C31</key>
		<dict>
			<key>isa</key>
			<string>PBXFileReference</string>
			<key>lastKnownFileType</key>
			<string>image.jpeg</string>
			<key>name</key>
			<string>colour@2x.jpg</string>
			<key>path</key>
			<string>../../NumberInPhone/images/colour@2x.jpg</string>
			<key>sourceTree</key>
			<string>&lt;group&gt;</string>
		</dict>
		<key>B3628C2619F6E22A00389C31</key>
		<dict>
			<key>fileRef</key>
			<string>B3628C2419F6E22A00389C31</string>
			<key>isa</key>
			<string>PBXBuildFile</string>
		</dict>
		<key>B3628C2719F6E22A00389C31</key>
		<dict>
			<key>fileRef</key>
			<string>B3628C2519F6E22A00389C31</string>
			<key>isa</key>
			<string>PBXBuildFile</string>
		</dict>
		<key>B36B5B0519F6B39C00C3BED1</key>
		<dict>
			<key>isa</key>
			<string>PBXFileReference</string>
			<key>lastKnownFileType</key>
			<string>image.png</string>
			<key>path</key>
			<string>bg.png</string>
			<key>sourceTree</key>
			<string>&lt;group&gt;</string>
		</dict>
		<key>B36B5B0619F6B39C00C3BED1</key>
		<dict>
			<key>fileRef</key>
			<string>B36B5B0519F6B39C00C3BED1</string>
			<key>isa</key>
			<string>PBXBuildFile</string>
		</dict>
		<key>B36FE63E19FADAB300CA6109</key>
		<dict>
			<key>isa</key>
			<string>PBXFileReference</string>
			<key>lastKnownFileType</key>
			<string>image.png</string>
			<key>path</key>
			<string>friends.png</string>
			<key>sourceTree</key>
			<string>&lt;group&gt;</string>
		</dict>
		<key>B36FE63F19FADAB300CA6109</key>
		<dict>
			<key>fileRef</key>
			<string>B36FE63E19FADAB300CA6109</string>
			<key>isa</key>
			<string>PBXBuildFile</string>
		</dict>
		<key>B372EB731A025C1B00225907</key>
		<dict>
			<key>isa</key>
			<string>PBXFileReference</string>
			<key>lastKnownFileType</key>
			<string>image.jpeg</string>
			<key>path</key>
			<string>bean.jpg</string>
			<key>sourceTree</key>
			<string>&lt;group&gt;</string>
		</dict>
		<key>B372EB741A025C1B00225907</key>
		<dict>
			<key>fileRef</key>
			<string>B372EB731A025C1B00225907</string>
			<key>isa</key>
			<string>PBXBuildFile</string>
		</dict>
		<key>B3983D2E1A013B00004D3FFA</key>
		<dict>
			<key>isa</key>
			<string>PBXFileReference</string>
			<key>lastKnownFileType</key>
			<string>image.png</string>
			<key>path</key>
			<string>chat.png</string>
			<key>sourceTree</key>
			<string>&lt;group&gt;</string>
		</dict>
		<key>B3983D2F1A013B00004D3FFA</key>
		<dict>
			<key>fileRef</key>
			<string>B3983D2E1A013B00004D3FFA</string>
			<key>isa</key>
			<string>PBXBuildFile</string>
		</dict>
		<key>B3983D311A013C9E004D3FFA</key>
		<dict>
			<key>isa</key>
			<string>PBXFileReference</string>
			<key>lastKnownFileType</key>
			<string>image.png</string>
			<key>path</key>
			<string>profileFlat.png</string>
			<key>sourceTree</key>
			<string>&lt;group&gt;</string>
		</dict>
		<key>B3983D321A013C9E004D3FFA</key>
		<dict>
			<key>isa</key>
			<string>PBXFileReference</string>
			<key>lastKnownFileType</key>
			<string>image.png</string>
			<key>path</key>
			<string>profileFlat@2x.png</string>
			<key>sourceTree</key>
			<string>&lt;group&gt;</string>
		</dict>
		<key>B3983D341A013C9E004D3FFA</key>
		<dict>
			<key>fileRef</key>
			<string>B3983D311A013C9E004D3FFA</string>
			<key>isa</key>
			<string>PBXBuildFile</string>
		</dict>
		<key>B3983D351A013C9E004D3FFA</key>
		<dict>
			<key>fileRef</key>
			<string>B3983D321A013C9E004D3FFA</string>
			<key>isa</key>
			<string>PBXBuildFile</string>
		</dict>
		<key>B3983D361A013D1B004D3FFA</key>
		<dict>
			<key>isa</key>
			<string>PBXFileReference</string>
			<key>lastKnownFileType</key>
			<string>image.png</string>
			<key>path</key>
			<string>chat@2x.png</string>
			<key>sourceTree</key>
			<string>&lt;group&gt;</string>
		</dict>
		<key>B3983D371A013D1B004D3FFA</key>
		<dict>
			<key>fileRef</key>
			<string>B3983D361A013D1B004D3FFA</string>
			<key>isa</key>
			<string>PBXBuildFile</string>
		</dict>
		<key>B3983D3B1A01521D004D3FFA</key>
		<dict>
			<key>fileEncoding</key>
			<string>4</string>
			<key>isa</key>
			<string>PBXFileReference</string>
			<key>lastKnownFileType</key>
			<string>sourcecode.c.h</string>
			<key>path</key>
			<string>SlackController.h</string>
			<key>sourceTree</key>
			<string>&lt;group&gt;</string>
		</dict>
		<key>B3983D3C1A01521D004D3FFA</key>
		<dict>
			<key>fileEncoding</key>
			<string>4</string>
			<key>isa</key>
			<string>PBXFileReference</string>
			<key>lastKnownFileType</key>
			<string>sourcecode.c.objc</string>
			<key>path</key>
			<string>SlackController.m</string>
			<key>sourceTree</key>
			<string>&lt;group&gt;</string>
		</dict>
		<key>B3983D3D1A01521D004D3FFA</key>
		<dict>
			<key>fileRef</key>
			<string>B3983D3C1A01521D004D3FFA</string>
			<key>isa</key>
			<string>PBXBuildFile</string>
		</dict>
		<key>B3983D3E1A015563004D3FFA</key>
		<dict>
			<key>fileEncoding</key>
			<string>4</string>
			<key>isa</key>
			<string>PBXFileReference</string>
			<key>lastKnownFileType</key>
			<string>sourcecode.c.h</string>
			<key>path</key>
			<string>SlackTableViewCell.h</string>
			<key>sourceTree</key>
			<string>&lt;group&gt;</string>
		</dict>
		<key>B3983D3F1A015563004D3FFA</key>
		<dict>
			<key>fileEncoding</key>
			<string>4</string>
			<key>isa</key>
			<string>PBXFileReference</string>
			<key>lastKnownFileType</key>
			<string>sourcecode.c.objc</string>
			<key>path</key>
			<string>SlackTableViewCell.m</string>
			<key>sourceTree</key>
			<string>&lt;group&gt;</string>
		</dict>
		<key>B3983D401A015563004D3FFA</key>
		<dict>
			<key>fileRef</key>
			<string>B3983D3F1A015563004D3FFA</string>
			<key>isa</key>
			<string>PBXBuildFile</string>
		</dict>
		<key>B3983D411A015DFA004D3FFA</key>
		<dict>
			<key>isa</key>
			<string>PBXFileReference</string>
			<key>lastKnownFileType</key>
			<string>image.jpeg</string>
			<key>name</key>
			<string>building.jpg</string>
			<key>path</key>
			<string>../../NumberInPhone/images/building.jpg</string>
			<key>sourceTree</key>
			<string>&lt;group&gt;</string>
		</dict>
		<key>B3983D421A015DFA004D3FFA</key>
		<dict>
			<key>isa</key>
			<string>PBXFileReference</string>
			<key>lastKnownFileType</key>
			<string>image.jpeg</string>
			<key>name</key>
			<string>building@2x.jpg</string>
			<key>path</key>
			<string>../../NumberInPhone/images/building@2x.jpg</string>
			<key>sourceTree</key>
			<string>&lt;group&gt;</string>
		</dict>
		<key>B3983D431A015DFA004D3FFA</key>
		<dict>
			<key>fileRef</key>
			<string>B3983D411A015DFA004D3FFA</string>
			<key>isa</key>
			<string>PBXBuildFile</string>
		</dict>
		<key>B3983D441A015DFA004D3FFA</key>
		<dict>
			<key>fileRef</key>
			<string>B3983D421A015DFA004D3FFA</string>
			<key>isa</key>
			<string>PBXBuildFile</string>
		</dict>
		<key>B3983D451A016782004D3FFA</key>
		<dict>
			<key>fileEncoding</key>
			<string>4</string>
			<key>isa</key>
			<string>PBXFileReference</string>
			<key>lastKnownFileType</key>
			<string>sourcecode.c.h</string>
			<key>path</key>
			<string>ChatController.h</string>
			<key>sourceTree</key>
			<string>&lt;group&gt;</string>
		</dict>
		<key>B3983D461A016782004D3FFA</key>
		<dict>
			<key>fileEncoding</key>
			<string>4</string>
			<key>isa</key>
			<string>PBXFileReference</string>
			<key>lastKnownFileType</key>
			<string>sourcecode.c.objc</string>
			<key>path</key>
			<string>ChatController.m</string>
			<key>sourceTree</key>
			<string>&lt;group&gt;</string>
		</dict>
		<key>B3983D471A016782004D3FFA</key>
		<dict>
			<key>fileRef</key>
			<string>B3983D461A016782004D3FFA</string>
			<key>isa</key>
			<string>PBXBuildFile</string>
		</dict>
		<key>B39FEED519F7BD7F00613416</key>
		<dict>
			<key>isa</key>
			<string>PBXFileReference</string>
			<key>lastKnownFileType</key>
			<string>image.png</string>
			<key>path</key>
			<string>cancel.png</string>
			<key>sourceTree</key>
			<string>&lt;group&gt;</string>
		</dict>
		<key>B39FEED619F7BD7F00613416</key>
		<dict>
			<key>fileRef</key>
			<string>B39FEED519F7BD7F00613416</string>
			<key>isa</key>
			<string>PBXBuildFile</string>
		</dict>
		<key>B3B7805619DD8912007ED955</key>
		<dict>
			<key>children</key>
			<array>
				<string>B3B7806119DD8912007ED955</string>
				<string>B3B7807E19DD8913007ED955</string>
				<string>B3B7806019DD8912007ED955</string>
				<string>534C8E608F9C211935D05A19</string>
				<string>3A5E142CFCCD4E9196DBC386</string>
			</array>
			<key>isa</key>
			<string>PBXGroup</string>
			<key>sourceTree</key>
			<string>&lt;group&gt;</string>
		</dict>
		<key>B3B7805719DD8912007ED955</key>
		<dict>
			<key>attributes</key>
			<dict>
				<key>LastUpgradeCheck</key>
				<string>0600</string>
				<key>ORGANIZATIONNAME</key>
				<string>Dizzolve</string>
				<key>TargetAttributes</key>
				<dict>
					<key>B3B7805E19DD8912007ED955</key>
					<dict>
						<key>CreatedOnToolsVersion</key>
						<string>6.0.1</string>
						<key>DevelopmentTeam</key>
						<string>SHAL7NBCFW</string>
						<key>SystemCapabilities</key>
						<dict>
							<key>com.apple.BackgroundModes</key>
							<dict>
								<key>enabled</key>
								<string>1</string>
							</dict>
						</dict>
					</dict>
					<key>B3B7807A19DD8913007ED955</key>
					<dict>
						<key>CreatedOnToolsVersion</key>
						<string>6.0.1</string>
						<key>TestTargetID</key>
						<string>B3B7805E19DD8912007ED955</string>
					</dict>
				</dict>
			</dict>
			<key>buildConfigurationList</key>
			<string>B3B7805A19DD8912007ED955</string>
			<key>compatibilityVersion</key>
			<string>Xcode 3.2</string>
			<key>developmentRegion</key>
			<string>English</string>
			<key>hasScannedForEncodings</key>
			<string>0</string>
			<key>isa</key>
			<string>PBXProject</string>
			<key>knownRegions</key>
			<array>
				<string>en</string>
				<string>Base</string>
			</array>
			<key>mainGroup</key>
			<string>B3B7805619DD8912007ED955</string>
			<key>productRefGroup</key>
			<string>B3B7806019DD8912007ED955</string>
			<key>projectDirPath</key>
			<string></string>
			<key>projectReferences</key>
			<array/>
			<key>projectRoot</key>
			<string></string>
			<key>targets</key>
			<array>
				<string>B3B7805E19DD8912007ED955</string>
				<string>B3B7807A19DD8913007ED955</string>
			</array>
		</dict>
		<key>B3B7805A19DD8912007ED955</key>
		<dict>
			<key>buildConfigurations</key>
			<array>
				<string>B3B7808319DD8913007ED955</string>
				<string>B3B7808419DD8913007ED955</string>
			</array>
			<key>defaultConfigurationIsVisible</key>
			<string>0</string>
			<key>defaultConfigurationName</key>
			<string>Release</string>
			<key>isa</key>
			<string>XCConfigurationList</string>
		</dict>
		<key>B3B7805B19DD8912007ED955</key>
		<dict>
			<key>buildActionMask</key>
			<string>2147483647</string>
			<key>files</key>
			<array>
				<string>035E843D19EEC43300A34C9E</string>
				<string>035E843019ED759900A34C9E</string>
				<string>B3B7806E19DD8913007ED955</string>
				<string>B3983D401A015563004D3FFA</string>
				<string>035E843719ED855A00A34C9E</string>
				<string>B3983D471A016782004D3FFA</string>
				<string>035E843A19EEB9F000A34C9E</string>
				<string>B3983D3D1A01521D004D3FFA</string>
				<string>B3B7806819DD8912007ED955</string>
				<string>B3B7806B19DD8912007ED955</string>
				<string>B3B7806519DD8912007ED955</string>
				<string>B3535B8019FFB5220083F4E8</string>
				<string>035E844019EECB9200A34C9E</string>
				<string>035E843319ED836900A34C9E</string>
			</array>
			<key>isa</key>
			<string>PBXSourcesBuildPhase</string>
			<key>runOnlyForDeploymentPostprocessing</key>
			<string>0</string>
		</dict>
		<key>B3B7805C19DD8912007ED955</key>
		<dict>
			<key>buildActionMask</key>
			<string>2147483647</string>
			<key>files</key>
			<array>
				<string>B3B7809919DDA269007ED955</string>
				<string>B3B7809719DDA260007ED955</string>
				<string>B32D69BC19EBF0EC00140565</string>
				<string>B3B7809519DDA258007ED955</string>
				<string>B3B7809319DDA24F007ED955</string>
				<string>B3B7809119DDA244007ED955</string>
				<string>81505D200E0495D76B01488C</string>
			</array>
			<key>isa</key>
			<string>PBXFrameworksBuildPhase</string>
			<key>runOnlyForDeploymentPostprocessing</key>
			<string>0</string>
		</dict>
		<key>B3B7805D19DD8912007ED955</key>
		<dict>
			<key>buildActionMask</key>
			<string>2147483647</string>
			<key>files</key>
			<array>
				<string>B3983D441A015DFA004D3FFA</string>
				<string>B36B5B0619F6B39C00C3BED1</string>
				<string>B3983D351A013C9E004D3FFA</string>
				<string>B3983D341A013C9E004D3FFA</string>
				<string>B3983D431A015DFA004D3FFA</string>
				<string>B3983D371A013D1B004D3FFA</string>
				<string>B36FE63F19FADAB300CA6109</string>
				<string>B3B7807119DD8913007ED955</string>
				<string>B3983D2F1A013B00004D3FFA</string>
				<string>B3B7807619DD8913007ED955</string>
				<string>B39FEED619F7BD7F00613416</string>
				<string>B3628C2619F6E22A00389C31</string>
				<string>B3B7808D19DD8924007ED955</string>
				<string>B372EB741A025C1B00225907</string>
				<string>B3B7807319DD8913007ED955</string>
				<string>B3628C2719F6E22A00389C31</string>
			</array>
			<key>isa</key>
			<string>PBXResourcesBuildPhase</string>
			<key>runOnlyForDeploymentPostprocessing</key>
			<string>0</string>
		</dict>
		<key>B3B7805E19DD8912007ED955</key>
		<dict>
			<key>buildConfigurationList</key>
			<string>B3B7808519DD8913007ED955</string>
			<key>buildPhases</key>
			<array>
				<string>9D53F9768F9CBE9AFAC574EB</string>
				<string>B3B7805B19DD8912007ED955</string>
				<string>B3B7805C19DD8912007ED955</string>
				<string>B3B7805D19DD8912007ED955</string>
				<string>2986FD1542B09850F319D33A</string>
			</array>
			<key>buildRules</key>
			<array/>
			<key>dependencies</key>
			<array/>
			<key>isa</key>
			<string>PBXNativeTarget</string>
			<key>name</key>
			<string>ee</string>
			<key>productName</key>
			<string>ee</string>
			<key>productReference</key>
			<string>B3B7805F19DD8912007ED955</string>
			<key>productType</key>
			<string>com.apple.product-type.application</string>
		</dict>
		<key>B3B7805F19DD8912007ED955</key>
		<dict>
			<key>explicitFileType</key>
			<string>wrapper.application</string>
			<key>includeInIndex</key>
			<string>0</string>
			<key>isa</key>
			<string>PBXFileReference</string>
			<key>path</key>
			<string>ee.app</string>
			<key>sourceTree</key>
			<string>BUILT_PRODUCTS_DIR</string>
		</dict>
		<key>B3B7806019DD8912007ED955</key>
		<dict>
			<key>children</key>
			<array>
				<string>B3B7805F19DD8912007ED955</string>
				<string>B3B7807B19DD8913007ED955</string>
			</array>
			<key>isa</key>
			<string>PBXGroup</string>
			<key>name</key>
			<string>Products</string>
			<key>sourceTree</key>
			<string>&lt;group&gt;</string>
		</dict>
		<key>B3B7806119DD8912007ED955</key>
		<dict>
			<key>children</key>
			<array>
				<string>B3983D2E1A013B00004D3FFA</string>
				<string>B36B5B0519F6B39C00C3BED1</string>
				<string>B3983D311A013C9E004D3FFA</string>
				<string>B3983D361A013D1B004D3FFA</string>
				<string>B3983D321A013C9E004D3FFA</string>
				<string>B372EB731A025C1B00225907</string>
				<string>B3983D411A015DFA004D3FFA</string>
				<string>B3983D421A015DFA004D3FFA</string>
				<string>B3628C2419F6E22A00389C31</string>
				<string>B36FE63E19FADAB300CA6109</string>
				<string>B39FEED519F7BD7F00613416</string>
				<string>B3628C2519F6E22A00389C31</string>
				<string>B3B7806619DD8912007ED955</string>
				<string>B3B7806719DD8912007ED955</string>
				<string>035E843119ED836900A34C9E</string>
				<string>035E843219ED836900A34C9E</string>
				<string>035E843E19EECB9200A34C9E</string>
				<string>035E843F19EECB9200A34C9E</string>
				<string>B3B7806919DD8912007ED955</string>
				<string>B3B7806A19DD8912007ED955</string>
				<string>B3B7806C19DD8912007ED955</string>
				<string>B3B7806D19DD8913007ED955</string>
				<string>035E842E19ED759900A34C9E</string>
				<string>035E842F19ED759900A34C9E</string>
				<string>035E843519ED855A00A34C9E</string>
				<string>035E843619ED855A00A34C9E</string>
				<string>035E843B19EEC43300A34C9E</string>
				<string>035E843C19EEC43300A34C9E</string>
				<string>035E843819EEB9F000A34C9E</string>
				<string>035E843919EEB9F000A34C9E</string>
				<string>B3B7808B19DD8924007ED955</string>
				<string>B3B7806F19DD8913007ED955</string>
				<string>B3535B7E19FFB5220083F4E8</string>
				<string>B3535B7F19FFB5220083F4E8</string>
				<string>B3B7807219DD8913007ED955</string>
				<string>B3B7807419DD8913007ED955</string>
				<string>B3B7806219DD8912007ED955</string>
				<string>B3983D3B1A01521D004D3FFA</string>
				<string>B3983D3C1A01521D004D3FFA</string>
				<string>B3983D3E1A015563004D3FFA</string>
				<string>B3983D3F1A015563004D3FFA</string>
				<string>B3983D451A016782004D3FFA</string>
				<string>B3983D461A016782004D3FFA</string>
			</array>
			<key>isa</key>
			<string>PBXGroup</string>
			<key>path</key>
			<string>ee</string>
			<key>sourceTree</key>
			<string>&lt;group&gt;</string>
		</dict>
		<key>B3B7806219DD8912007ED955</key>
		<dict>
			<key>children</key>
			<array>
				<string>B3B7806319DD8912007ED955</string>
				<string>B3B7806419DD8912007ED955</string>
			</array>
			<key>isa</key>
			<string>PBXGroup</string>
			<key>name</key>
			<string>Supporting Files</string>
			<key>sourceTree</key>
			<string>&lt;group&gt;</string>
		</dict>
		<key>B3B7806319DD8912007ED955</key>
		<dict>
			<key>isa</key>
			<string>PBXFileReference</string>
			<key>lastKnownFileType</key>
			<string>text.plist.xml</string>
			<key>path</key>
			<string>Info.plist</string>
			<key>sourceTree</key>
			<string>&lt;group&gt;</string>
		</dict>
		<key>B3B7806419DD8912007ED955</key>
		<dict>
			<key>isa</key>
			<string>PBXFileReference</string>
			<key>lastKnownFileType</key>
			<string>sourcecode.c.objc</string>
			<key>path</key>
			<string>main.m</string>
			<key>sourceTree</key>
			<string>&lt;group&gt;</string>
		</dict>
		<key>B3B7806519DD8912007ED955</key>
		<dict>
			<key>fileRef</key>
			<string>B3B7806419DD8912007ED955</string>
			<key>isa</key>
			<string>PBXBuildFile</string>
		</dict>
		<key>B3B7806619DD8912007ED955</key>
		<dict>
			<key>isa</key>
			<string>PBXFileReference</string>
			<key>lastKnownFileType</key>
			<string>sourcecode.c.h</string>
			<key>path</key>
			<string>AppDelegate.h</string>
			<key>sourceTree</key>
			<string>&lt;group&gt;</string>
		</dict>
		<key>B3B7806719DD8912007ED955</key>
		<dict>
			<key>isa</key>
			<string>PBXFileReference</string>
			<key>lastKnownFileType</key>
			<string>sourcecode.c.objc</string>
			<key>path</key>
			<string>AppDelegate.m</string>
			<key>sourceTree</key>
			<string>&lt;group&gt;</string>
		</dict>
		<key>B3B7806819DD8912007ED955</key>
		<dict>
			<key>fileRef</key>
			<string>B3B7806719DD8912007ED955</string>
			<key>isa</key>
			<string>PBXBuildFile</string>
		</dict>
		<key>B3B7806919DD8912007ED955</key>
		<dict>
			<key>isa</key>
			<string>PBXFileReference</string>
			<key>lastKnownFileType</key>
			<string>sourcecode.c.h</string>
			<key>path</key>
			<string>ProfileController.h</string>
			<key>sourceTree</key>
			<string>&lt;group&gt;</string>
		</dict>
		<key>B3B7806A19DD8912007ED955</key>
		<dict>
			<key>isa</key>
			<string>PBXFileReference</string>
			<key>lastKnownFileType</key>
			<string>sourcecode.c.objc</string>
			<key>path</key>
			<string>ProfileController.m</string>
			<key>sourceTree</key>
			<string>&lt;group&gt;</string>
		</dict>
		<key>B3B7806B19DD8912007ED955</key>
		<dict>
			<key>fileRef</key>
			<string>B3B7806A19DD8912007ED955</string>
			<key>isa</key>
			<string>PBXBuildFile</string>
		</dict>
		<key>B3B7806C19DD8912007ED955</key>
		<dict>
			<key>isa</key>
			<string>PBXFileReference</string>
			<key>lastKnownFileType</key>
			<string>sourcecode.c.h</string>
			<key>path</key>
			<string>MatchesController.h</string>
			<key>sourceTree</key>
			<string>&lt;group&gt;</string>
		</dict>
		<key>B3B7806D19DD8913007ED955</key>
		<dict>
			<key>isa</key>
			<string>PBXFileReference</string>
			<key>lastKnownFileType</key>
			<string>sourcecode.c.objc</string>
			<key>path</key>
			<string>MatchesController.m</string>
			<key>sourceTree</key>
			<string>&lt;group&gt;</string>
		</dict>
		<key>B3B7806E19DD8913007ED955</key>
		<dict>
			<key>fileRef</key>
			<string>B3B7806D19DD8913007ED955</string>
			<key>isa</key>
			<string>PBXBuildFile</string>
		</dict>
		<key>B3B7806F19DD8913007ED955</key>
		<dict>
			<key>children</key>
			<array>
				<string>B3B7807019DD8913007ED955</string>
			</array>
			<key>isa</key>
			<string>PBXVariantGroup</string>
			<key>name</key>
			<string>Main.storyboard</string>
			<key>sourceTree</key>
			<string>&lt;group&gt;</string>
		</dict>
		<key>B3B7807019DD8913007ED955</key>
		<dict>
			<key>isa</key>
			<string>PBXFileReference</string>
			<key>lastKnownFileType</key>
			<string>file.storyboard</string>
			<key>name</key>
			<string>Base</string>
			<key>path</key>
			<string>Base.lproj/Main.storyboard</string>
			<key>sourceTree</key>
			<string>&lt;group&gt;</string>
		</dict>
		<key>B3B7807119DD8913007ED955</key>
		<dict>
			<key>fileRef</key>
			<string>B3B7806F19DD8913007ED955</string>
			<key>isa</key>
			<string>PBXBuildFile</string>
		</dict>
		<key>B3B7807219DD8913007ED955</key>
		<dict>
			<key>isa</key>
			<string>PBXFileReference</string>
			<key>lastKnownFileType</key>
			<string>folder.assetcatalog</string>
			<key>path</key>
			<string>Images.xcassets</string>
			<key>sourceTree</key>
			<string>&lt;group&gt;</string>
		</dict>
		<key>B3B7807319DD8913007ED955</key>
		<dict>
			<key>fileRef</key>
			<string>B3B7807219DD8913007ED955</string>
			<key>isa</key>
			<string>PBXBuildFile</string>
		</dict>
		<key>B3B7807419DD8913007ED955</key>
		<dict>
			<key>children</key>
			<array>
				<string>B3B7807519DD8913007ED955</string>
			</array>
			<key>isa</key>
			<string>PBXVariantGroup</string>
			<key>name</key>
			<string>LaunchScreen.xib</string>
			<key>sourceTree</key>
			<string>&lt;group&gt;</string>
		</dict>
		<key>B3B7807519DD8913007ED955</key>
		<dict>
			<key>isa</key>
			<string>PBXFileReference</string>
			<key>lastKnownFileType</key>
			<string>file.xib</string>
			<key>name</key>
			<string>Base</string>
			<key>path</key>
			<string>Base.lproj/LaunchScreen.xib</string>
			<key>sourceTree</key>
			<string>&lt;group&gt;</string>
		</dict>
		<key>B3B7807619DD8913007ED955</key>
		<dict>
			<key>fileRef</key>
			<string>B3B7807419DD8913007ED955</string>
			<key>isa</key>
			<string>PBXBuildFile</string>
		</dict>
		<key>B3B7807719DD8913007ED955</key>
		<dict>
			<key>buildActionMask</key>
			<string>2147483647</string>
			<key>files</key>
			<array>
				<string>B3B7808219DD8913007ED955</string>
			</array>
			<key>isa</key>
			<string>PBXSourcesBuildPhase</string>
			<key>runOnlyForDeploymentPostprocessing</key>
			<string>0</string>
		</dict>
		<key>B3B7807819DD8913007ED955</key>
		<dict>
			<key>buildActionMask</key>
			<string>2147483647</string>
			<key>files</key>
			<array/>
			<key>isa</key>
			<string>PBXFrameworksBuildPhase</string>
			<key>runOnlyForDeploymentPostprocessing</key>
			<string>0</string>
		</dict>
		<key>B3B7807919DD8913007ED955</key>
		<dict>
			<key>buildActionMask</key>
			<string>2147483647</string>
			<key>files</key>
			<array/>
			<key>isa</key>
			<string>PBXResourcesBuildPhase</string>
			<key>runOnlyForDeploymentPostprocessing</key>
			<string>0</string>
		</dict>
		<key>B3B7807A19DD8913007ED955</key>
		<dict>
			<key>buildConfigurationList</key>
			<string>B3B7808819DD8913007ED955</string>
			<key>buildPhases</key>
			<array>
				<string>B3B7807719DD8913007ED955</string>
				<string>B3B7807819DD8913007ED955</string>
				<string>B3B7807919DD8913007ED955</string>
			</array>
			<key>buildRules</key>
			<array/>
			<key>dependencies</key>
			<array>
				<string>B3B7807D19DD8913007ED955</string>
			</array>
			<key>isa</key>
			<string>PBXNativeTarget</string>
			<key>name</key>
			<string>eeTests</string>
			<key>productName</key>
			<string>eeTests</string>
			<key>productReference</key>
			<string>B3B7807B19DD8913007ED955</string>
			<key>productType</key>
			<string>com.apple.product-type.bundle.unit-test</string>
		</dict>
		<key>B3B7807B19DD8913007ED955</key>
		<dict>
			<key>explicitFileType</key>
			<string>wrapper.cfbundle</string>
			<key>includeInIndex</key>
			<string>0</string>
			<key>isa</key>
			<string>PBXFileReference</string>
			<key>path</key>
			<string>eeTests.xctest</string>
			<key>sourceTree</key>
			<string>BUILT_PRODUCTS_DIR</string>
		</dict>
		<key>B3B7807C19DD8913007ED955</key>
		<dict>
			<key>containerPortal</key>
			<string>B3B7805719DD8912007ED955</string>
			<key>isa</key>
			<string>PBXContainerItemProxy</string>
			<key>proxyType</key>
			<string>1</string>
			<key>remoteGlobalIDString</key>
			<string>B3B7805E19DD8912007ED955</string>
			<key>remoteInfo</key>
			<string>ee</string>
		</dict>
		<key>B3B7807D19DD8913007ED955</key>
		<dict>
			<key>isa</key>
			<string>PBXTargetDependency</string>
			<key>target</key>
			<string>B3B7805E19DD8912007ED955</string>
			<key>targetProxy</key>
			<string>B3B7807C19DD8913007ED955</string>
		</dict>
		<key>B3B7807E19DD8913007ED955</key>
		<dict>
			<key>children</key>
			<array>
				<string>B3B7808119DD8913007ED955</string>
				<string>B3B7807F19DD8913007ED955</string>
			</array>
			<key>isa</key>
			<string>PBXGroup</string>
			<key>path</key>
			<string>eeTests</string>
			<key>sourceTree</key>
			<string>&lt;group&gt;</string>
		</dict>
		<key>B3B7807F19DD8913007ED955</key>
		<dict>
			<key>children</key>
			<array>
				<string>B3B7808019DD8913007ED955</string>
			</array>
			<key>isa</key>
			<string>PBXGroup</string>
			<key>name</key>
			<string>Supporting Files</string>
			<key>sourceTree</key>
			<string>&lt;group&gt;</string>
		</dict>
		<key>B3B7808019DD8913007ED955</key>
		<dict>
			<key>isa</key>
			<string>PBXFileReference</string>
			<key>lastKnownFileType</key>
			<string>text.plist.xml</string>
			<key>path</key>
			<string>Info.plist</string>
			<key>sourceTree</key>
			<string>&lt;group&gt;</string>
		</dict>
		<key>B3B7808119DD8913007ED955</key>
		<dict>
			<key>isa</key>
			<string>PBXFileReference</string>
			<key>lastKnownFileType</key>
			<string>sourcecode.c.objc</string>
			<key>path</key>
			<string>eeTests.m</string>
			<key>sourceTree</key>
			<string>&lt;group&gt;</string>
		</dict>
		<key>B3B7808219DD8913007ED955</key>
		<dict>
			<key>fileRef</key>
			<string>B3B7808119DD8913007ED955</string>
			<key>isa</key>
			<string>PBXBuildFile</string>
		</dict>
		<key>B3B7808319DD8913007ED955</key>
		<dict>
			<key>buildSettings</key>
			<dict>
				<key>ALWAYS_SEARCH_USER_PATHS</key>
				<string>NO</string>
				<key>CLANG_CXX_LANGUAGE_STANDARD</key>
				<string>gnu++0x</string>
				<key>CLANG_CXX_LIBRARY</key>
				<string>libc++</string>
				<key>CLANG_ENABLE_MODULES</key>
				<string>YES</string>
				<key>CLANG_ENABLE_OBJC_ARC</key>
				<string>YES</string>
				<key>CLANG_WARN_BOOL_CONVERSION</key>
				<string>YES</string>
				<key>CLANG_WARN_CONSTANT_CONVERSION</key>
				<string>YES</string>
				<key>CLANG_WARN_DIRECT_OBJC_ISA_USAGE</key>
				<string>YES_ERROR</string>
				<key>CLANG_WARN_EMPTY_BODY</key>
				<string>YES</string>
				<key>CLANG_WARN_ENUM_CONVERSION</key>
				<string>YES</string>
				<key>CLANG_WARN_INT_CONVERSION</key>
				<string>YES</string>
				<key>CLANG_WARN_OBJC_ROOT_CLASS</key>
				<string>YES_ERROR</string>
				<key>CLANG_WARN_UNREACHABLE_CODE</key>
				<string>YES</string>
				<key>CLANG_WARN__DUPLICATE_METHOD_MATCH</key>
				<string>YES</string>
				<key>CODE_SIGN_IDENTITY[sdk=iphoneos*]</key>
				<string>iPhone Developer</string>
				<key>COPY_PHASE_STRIP</key>
				<string>NO</string>
				<key>ENABLE_STRICT_OBJC_MSGSEND</key>
				<string>YES</string>
				<key>GCC_C_LANGUAGE_STANDARD</key>
				<string>gnu99</string>
				<key>GCC_DYNAMIC_NO_PIC</key>
				<string>NO</string>
				<key>GCC_OPTIMIZATION_LEVEL</key>
				<string>0</string>
				<key>GCC_PREPROCESSOR_DEFINITIONS</key>
				<array>
					<string>DEBUG=1</string>
					<string>$(inherited)</string>
				</array>
				<key>GCC_SYMBOLS_PRIVATE_EXTERN</key>
				<string>NO</string>
				<key>GCC_WARN_64_TO_32_BIT_CONVERSION</key>
				<string>YES</string>
				<key>GCC_WARN_ABOUT_RETURN_TYPE</key>
				<string>YES_ERROR</string>
				<key>GCC_WARN_UNDECLARED_SELECTOR</key>
				<string>YES</string>
				<key>GCC_WARN_UNINITIALIZED_AUTOS</key>
				<string>YES_AGGRESSIVE</string>
				<key>GCC_WARN_UNUSED_FUNCTION</key>
				<string>YES</string>
				<key>GCC_WARN_UNUSED_VARIABLE</key>
				<string>YES</string>
				<key>IPHONEOS_DEPLOYMENT_TARGET</key>
				<string>7.0</string>
				<key>MTL_ENABLE_DEBUG_INFO</key>
				<string>YES</string>
				<key>ONLY_ACTIVE_ARCH</key>
				<string>YES</string>
				<key>SDKROOT</key>
				<string>iphoneos</string>
				<key>TARGETED_DEVICE_FAMILY</key>
				<string>1,2</string>
			</dict>
			<key>isa</key>
			<string>XCBuildConfiguration</string>
			<key>name</key>
			<string>Debug</string>
		</dict>
		<key>B3B7808419DD8913007ED955</key>
		<dict>
			<key>buildSettings</key>
			<dict>
				<key>ALWAYS_SEARCH_USER_PATHS</key>
				<string>NO</string>
				<key>CLANG_CXX_LANGUAGE_STANDARD</key>
				<string>gnu++0x</string>
				<key>CLANG_CXX_LIBRARY</key>
				<string>libc++</string>
				<key>CLANG_ENABLE_MODULES</key>
				<string>YES</string>
				<key>CLANG_ENABLE_OBJC_ARC</key>
				<string>YES</string>
				<key>CLANG_WARN_BOOL_CONVERSION</key>
				<string>YES</string>
				<key>CLANG_WARN_CONSTANT_CONVERSION</key>
				<string>YES</string>
				<key>CLANG_WARN_DIRECT_OBJC_ISA_USAGE</key>
				<string>YES_ERROR</string>
				<key>CLANG_WARN_EMPTY_BODY</key>
				<string>YES</string>
				<key>CLANG_WARN_ENUM_CONVERSION</key>
				<string>YES</string>
				<key>CLANG_WARN_INT_CONVERSION</key>
				<string>YES</string>
				<key>CLANG_WARN_OBJC_ROOT_CLASS</key>
				<string>YES_ERROR</string>
				<key>CLANG_WARN_UNREACHABLE_CODE</key>
				<string>YES</string>
				<key>CLANG_WARN__DUPLICATE_METHOD_MATCH</key>
				<string>YES</string>
				<key>CODE_SIGN_IDENTITY[sdk=iphoneos*]</key>
				<string>iPhone Developer</string>
				<key>COPY_PHASE_STRIP</key>
				<string>YES</string>
				<key>ENABLE_NS_ASSERTIONS</key>
				<string>NO</string>
				<key>ENABLE_STRICT_OBJC_MSGSEND</key>
				<string>YES</string>
				<key>GCC_C_LANGUAGE_STANDARD</key>
				<string>gnu99</string>
				<key>GCC_WARN_64_TO_32_BIT_CONVERSION</key>
				<string>YES</string>
				<key>GCC_WARN_ABOUT_RETURN_TYPE</key>
				<string>YES_ERROR</string>
				<key>GCC_WARN_UNDECLARED_SELECTOR</key>
				<string>YES</string>
				<key>GCC_WARN_UNINITIALIZED_AUTOS</key>
				<string>YES_AGGRESSIVE</string>
				<key>GCC_WARN_UNUSED_FUNCTION</key>
				<string>YES</string>
				<key>GCC_WARN_UNUSED_VARIABLE</key>
				<string>YES</string>
				<key>IPHONEOS_DEPLOYMENT_TARGET</key>
				<string>7.0</string>
				<key>MTL_ENABLE_DEBUG_INFO</key>
				<string>NO</string>
				<key>SDKROOT</key>
				<string>iphoneos</string>
				<key>TARGETED_DEVICE_FAMILY</key>
				<string>1,2</string>
				<key>VALIDATE_PRODUCT</key>
				<string>YES</string>
			</dict>
			<key>isa</key>
			<string>XCBuildConfiguration</string>
			<key>name</key>
			<string>Release</string>
		</dict>
		<key>B3B7808519DD8913007ED955</key>
		<dict>
			<key>buildConfigurations</key>
			<array>
				<string>B3B7808619DD8913007ED955</string>
				<string>B3B7808719DD8913007ED955</string>
			</array>
			<key>defaultConfigurationIsVisible</key>
			<string>0</string>
			<key>defaultConfigurationName</key>
			<string>Release</string>
			<key>isa</key>
			<string>XCConfigurationList</string>
		</dict>
		<key>B3B7808619DD8913007ED955</key>
		<dict>
			<key>baseConfigurationReference</key>
			<string>87510AE949659EF03A56AB65</string>
			<key>buildSettings</key>
			<dict>
				<key>ASSETCATALOG_COMPILER_APPICON_NAME</key>
				<string>AppIcon</string>
				<key>ASSETCATALOG_COMPILER_LAUNCHIMAGE_NAME</key>
				<string>LaunchImage</string>
				<key>CODE_SIGN_IDENTITY</key>
				<string>iPhone Developer</string>
				<key>CODE_SIGN_IDENTITY[sdk=iphoneos*]</key>
				<string>iPhone Developer</string>
				<key>FRAMEWORK_SEARCH_PATHS</key>
				<array>
					<string>$(inherited)</string>
					<string>$(PROJECT_DIR)/ee</string>
				</array>
				<key>INFOPLIST_FILE</key>
				<string>ee/Info.plist</string>
				<key>IPHONEOS_DEPLOYMENT_TARGET</key>
				<string>7.1</string>
				<key>LD_RUNPATH_SEARCH_PATHS</key>
				<string>$(inherited) @executable_path/Frameworks</string>
				<key>PRODUCT_NAME</key>
				<string>$(TARGET_NAME)</string>
				<key>PROVISIONING_PROFILE</key>
				<string></string>
			</dict>
			<key>isa</key>
			<string>XCBuildConfiguration</string>
			<key>name</key>
			<string>Debug</string>
		</dict>
		<key>B3B7808719DD8913007ED955</key>
		<dict>
			<key>baseConfigurationReference</key>
			<string>0FCC956F0161819ED8533072</string>
			<key>buildSettings</key>
			<dict>
				<key>ASSETCATALOG_COMPILER_APPICON_NAME</key>
				<string>AppIcon</string>
				<key>ASSETCATALOG_COMPILER_LAUNCHIMAGE_NAME</key>
				<string>LaunchImage</string>
				<key>CODE_SIGN_IDENTITY</key>
				<string>iPhone Developer</string>
				<key>CODE_SIGN_IDENTITY[sdk=iphoneos*]</key>
				<string>iPhone Developer</string>
				<key>FRAMEWORK_SEARCH_PATHS</key>
				<array>
					<string>$(inherited)</string>
					<string>$(PROJECT_DIR)/ee</string>
				</array>
				<key>INFOPLIST_FILE</key>
				<string>ee/Info.plist</string>
				<key>IPHONEOS_DEPLOYMENT_TARGET</key>
				<string>7.1</string>
				<key>LD_RUNPATH_SEARCH_PATHS</key>
				<string>$(inherited) @executable_path/Frameworks</string>
				<key>PRODUCT_NAME</key>
				<string>$(TARGET_NAME)</string>
				<key>PROVISIONING_PROFILE</key>
				<string></string>
			</dict>
			<key>isa</key>
			<string>XCBuildConfiguration</string>
			<key>name</key>
			<string>Release</string>
		</dict>
		<key>B3B7808819DD8913007ED955</key>
		<dict>
			<key>buildConfigurations</key>
			<array>
				<string>B3B7808919DD8913007ED955</string>
				<string>B3B7808A19DD8913007ED955</string>
			</array>
			<key>defaultConfigurationIsVisible</key>
			<string>0</string>
			<key>defaultConfigurationName</key>
			<string>Release</string>
			<key>isa</key>
			<string>XCConfigurationList</string>
		</dict>
		<key>B3B7808919DD8913007ED955</key>
		<dict>
			<key>buildSettings</key>
			<dict>
				<key>BUNDLE_LOADER</key>
				<string>$(TEST_HOST)</string>
				<key>FRAMEWORK_SEARCH_PATHS</key>
				<array>
					<string>$(SDKROOT)/Developer/Library/Frameworks</string>
					<string>$(inherited)</string>
				</array>
				<key>GCC_PREPROCESSOR_DEFINITIONS</key>
				<array>
					<string>DEBUG=1</string>
					<string>$(inherited)</string>
				</array>
				<key>INFOPLIST_FILE</key>
				<string>eeTests/Info.plist</string>
				<key>LD_RUNPATH_SEARCH_PATHS</key>
				<string>$(inherited) @executable_path/Frameworks @loader_path/Frameworks</string>
				<key>PRODUCT_NAME</key>
				<string>$(TARGET_NAME)</string>
				<key>TEST_HOST</key>
				<string>$(BUILT_PRODUCTS_DIR)/ee.app/ee</string>
			</dict>
			<key>isa</key>
			<string>XCBuildConfiguration</string>
			<key>name</key>
			<string>Debug</string>
		</dict>
		<key>B3B7808A19DD8913007ED955</key>
		<dict>
			<key>buildSettings</key>
			<dict>
				<key>BUNDLE_LOADER</key>
				<string>$(TEST_HOST)</string>
				<key>FRAMEWORK_SEARCH_PATHS</key>
				<array>
					<string>$(SDKROOT)/Developer/Library/Frameworks</string>
					<string>$(inherited)</string>
				</array>
				<key>INFOPLIST_FILE</key>
				<string>eeTests/Info.plist</string>
				<key>LD_RUNPATH_SEARCH_PATHS</key>
				<string>$(inherited) @executable_path/Frameworks @loader_path/Frameworks</string>
				<key>PRODUCT_NAME</key>
				<string>$(TARGET_NAME)</string>
				<key>TEST_HOST</key>
				<string>$(BUILT_PRODUCTS_DIR)/ee.app/ee</string>
			</dict>
			<key>isa</key>
			<string>XCBuildConfiguration</string>
			<key>name</key>
			<string>Release</string>
		</dict>
		<key>B3B7808B19DD8924007ED955</key>
		<dict>
			<key>fileEncoding</key>
			<string>4</string>
			<key>isa</key>
			<string>PBXFileReference</string>
			<key>lastKnownFileType</key>
			<string>text</string>
			<key>path</key>
			<string>Podfile</string>
			<key>sourceTree</key>
			<string>&lt;group&gt;</string>
			<key>xcLanguageSpecificationIdentifier</key>
			<string>xcode.lang.ruby</string>
		</dict>
		<key>B3B7808D19DD8924007ED955</key>
		<dict>
			<key>fileRef</key>
			<string>B3B7808B19DD8924007ED955</string>
			<key>isa</key>
			<string>PBXBuildFile</string>
		</dict>
		<key>B3B7809019DDA244007ED955</key>
		<dict>
			<key>isa</key>
			<string>PBXFileReference</string>
			<key>lastKnownFileType</key>
			<string>compiled.mach-o.dylib</string>
			<key>name</key>
			<string>libicucore.dylib</string>
			<key>path</key>
			<string>usr/lib/libicucore.dylib</string>
			<key>sourceTree</key>
			<string>SDKROOT</string>
		</dict>
		<key>B3B7809119DDA244007ED955</key>
		<dict>
			<key>fileRef</key>
			<string>B3B7809019DDA244007ED955</string>
			<key>isa</key>
			<string>PBXBuildFile</string>
		</dict>
		<key>B3B7809219DDA24F007ED955</key>
		<dict>
			<key>isa</key>
			<string>PBXFileReference</string>
			<key>lastKnownFileType</key>
			<string>compiled.mach-o.dylib</string>
			<key>name</key>
			<string>libc++.dylib</string>
			<key>path</key>
			<string>usr/lib/libc++.dylib</string>
			<key>sourceTree</key>
			<string>SDKROOT</string>
		</dict>
		<key>B3B7809319DDA24F007ED955</key>
		<dict>
			<key>fileRef</key>
			<string>B3B7809219DDA24F007ED955</string>
			<key>isa</key>
			<string>PBXBuildFile</string>
		</dict>
		<key>B3B7809419DDA258007ED955</key>
		<dict>
			<key>isa</key>
			<string>PBXFileReference</string>
			<key>lastKnownFileType</key>
			<string>wrapper.framework</string>
			<key>name</key>
			<string>CFNetwork.framework</string>
			<key>path</key>
			<string>System/Library/Frameworks/CFNetwork.framework</string>
			<key>sourceTree</key>
			<string>SDKROOT</string>
		</dict>
		<key>B3B7809519DDA258007ED955</key>
		<dict>
			<key>fileRef</key>
			<string>B3B7809419DDA258007ED955</string>
			<key>isa</key>
			<string>PBXBuildFile</string>
		</dict>
		<key>B3B7809619DDA260007ED955</key>
		<dict>
			<key>isa</key>
			<string>PBXFileReference</string>
			<key>lastKnownFileType</key>
			<string>wrapper.framework</string>
			<key>name</key>
			<string>Security.framework</string>
			<key>path</key>
			<string>System/Library/Frameworks/Security.framework</string>
			<key>sourceTree</key>
			<string>SDKROOT</string>
		</dict>
		<key>B3B7809719DDA260007ED955</key>
		<dict>
			<key>fileRef</key>
			<string>B3B7809619DDA260007ED955</string>
			<key>isa</key>
			<string>PBXBuildFile</string>
		</dict>
		<key>B3B7809819DDA269007ED955</key>
		<dict>
			<key>isa</key>
			<string>PBXFileReference</string>
			<key>lastKnownFileType</key>
			<string>wrapper.framework</string>
			<key>name</key>
			<string>SystemConfiguration.framework</string>
			<key>path</key>
			<string>System/Library/Frameworks/SystemConfiguration.framework</string>
			<key>sourceTree</key>
			<string>SDKROOT</string>
		</dict>
		<key>B3B7809919DDA269007ED955</key>
		<dict>
			<key>fileRef</key>
			<string>B3B7809819DDA269007ED955</string>
			<key>isa</key>
			<string>PBXBuildFile</string>
		</dict>
	</dict>
	<key>rootObject</key>
	<string>B3B7805719DD8912007ED955</string>
</dict>
</plist>
